
Microsoft Visual Studio Solution File, Format Version 12.00
# Visual Studio Version 16
VisualStudioVersion = 16.0.28922.388
MinimumVisualStudioVersion = 10.0.40219.1
Project("{9A19103F-16F7-4668-BE54-9A1E7A4F7556}") = "Jwt.Client", "Jwt.Client\Jwt.Client.csproj", "{B9AFDE56-FAE2-4E36-A5BC-566C5B47991F}"
EndProject
Project("{9A19103F-16F7-4668-BE54-9A1E7A4F7556}") = "Jwt.Services", "Jwt.Services\Jwt.Services.csproj", "{8F467092-D7EA-4E86-B16E-8C7AACE95A87}"
EndProject
Global
	GlobalSection(SolutionConfigurationPlatforms) = preSolution
		Debug|Any CPU = Debug|Any CPU
		Release|Any CPU = Release|Any CPU
	EndGlobalSection
	GlobalSection(ProjectConfigurationPlatforms) = postSolution
		{B9AFDE56-FAE2-4E36-A5BC-566C5B47991F}.Debug|Any CPU.ActiveCfg = Debug|Any CPU
		{B9AFDE56-FAE2-4E36-A5BC-566C5B47991F}.Debug|Any CPU.Build.0 = Debug|Any CPU
		{B9AFDE56-FAE2-4E36-A5BC-566C5B47991F}.Release|Any CPU.ActiveCfg = Release|Any CPU
		{B9AFDE56-FAE2-4E36-A5BC-566C5B47991F}.Release|Any CPU.Build.0 = Release|Any CPU
		{8F467092-D7EA-4E86-B16E-8C7AACE95A87}.Debug|Any CPU.ActiveCfg = Debug|Any CPU
		{8F467092-D7EA-4E86-B16E-8C7AACE95A87}.Debug|Any CPU.Build.0 = Debug|Any CPU
		{8F467092-D7EA-4E86-B16E-8C7AACE95A87}.Release|Any CPU.ActiveCfg = Release|Any CPU
		{8F467092-D7EA-4E86-B16E-8C7AACE95A87}.Release|Any CPU.Build.0 = Release|Any CPU
	EndGlobalSection
	GlobalSection(SolutionProperties) = preSolution
		HideSolutionNode = FALSE
	EndGlobalSection
	GlobalSection(ExtensibilityGlobals) = postSolution
		SolutionGuid = {AA294A92-3C30-4725-B410-397CD9D20739}
	EndGlobalSection
EndGlobal
